
Microsoft Visual Studio Solution File, Format Version 12.00
# Visual Studio 2012
Project("{FAE04EC0-301F-11D3-BF4B-00C04F79EFBC}") = "tt3", "tt3\tt3.csproj", "{6C9FE92E-D620-4015-B1E8-71C0B03BC9D6}"
EndProject
Global
	GlobalSection(SolutionConfigurationPlatforms) = preSolution
		Debug|Any CPU = Debug|Any CPU
		Release|Any CPU = Release|Any CPU
	EndGlobalSection
	GlobalSection(ProjectConfigurationPlatforms) = postSolution
		{6C9FE92E-D620-4015-B1E8-71C0B03BC9D6}.Debug|Any CPU.ActiveCfg = Debug|Any CPU
		{6C9FE92E-D620-4015-B1E8-71C0B03BC9D6}.Debug|Any CPU.Build.0 = Debug|Any CPU
		{6C9FE92E-D620-4015-B1E8-71C0B03BC9D6}.Release|Any CPU.ActiveCfg = Release|Any CPU
		{6C9FE92E-D620-4015-B1E8-71C0B03BC9D6}.Release|Any CPU.Build.0 = Release|Any CPU
	EndGlobalSection
	GlobalSection(SolutionProperties) = preSolution
		HideSolutionNode = FALSE
	EndGlobalSection
EndGlobal
